
Microsoft Visual Studio Solution File, Format Version 12.00
# Visual Studio Version 17
VisualStudioVersion = 17.3.32929.385
MinimumVisualStudioVersion = 10.0.40219.1
Project("{9A19103F-16F7-4668-BE54-9A1E7A4F7556}") = "OdeToFood", "OdeToFood\OdeToFood.csproj", "{4FDF75C5-DD86-409A-A44E-744B60EB2C05}"
EndProject
Project("{FAE04EC0-301F-11D3-BF4B-00C04F79EFBC}") = "OdeToFood.Core", "OdeToFood.Core\OdeToFood.Core.csproj", "{5A4AB30E-F278-4EA6-8E71-FAE3D8789A54}"
EndProject
Project("{FAE04EC0-301F-11D3-BF4B-00C04F79EFBC}") = "OdeToFood.Data", "classDB\OdeToFood.Data.csproj", "{9329CDAE-71EB-42AB-B2E7-C8295206F22F}"
EndProject
Global
	GlobalSection(SolutionConfigurationPlatforms) = preSolution
		Debug|Any CPU = Debug|Any CPU
		Release|Any CPU = Release|Any CPU
	EndGlobalSection
	GlobalSection(ProjectConfigurationPlatforms) = postSolution
		{4FDF75C5-DD86-409A-A44E-744B60EB2C05}.Debug|Any CPU.ActiveCfg = Debug|Any CPU
		{4FDF75C5-DD86-409A-A44E-744B60EB2C05}.Debug|Any CPU.Build.0 = Debug|Any CPU
		{4FDF75C5-DD86-409A-A44E-744B60EB2C05}.Release|Any CPU.ActiveCfg = Release|Any CPU
		{4FDF75C5-DD86-409A-A44E-744B60EB2C05}.Release|Any CPU.Build.0 = Release|Any CPU
		{5A4AB30E-F278-4EA6-8E71-FAE3D8789A54}.Debug|Any CPU.ActiveCfg = Debug|Any CPU
		{5A4AB30E-F278-4EA6-8E71-FAE3D8789A54}.Debug|Any CPU.Build.0 = Debug|Any CPU
		{5A4AB30E-F278-4EA6-8E71-FAE3D8789A54}.Release|Any CPU.ActiveCfg = Release|Any CPU
		{5A4AB30E-F278-4EA6-8E71-FAE3D8789A54}.Release|Any CPU.Build.0 = Release|Any CPU
		{9329CDAE-71EB-42AB-B2E7-C8295206F22F}.Debug|Any CPU.ActiveCfg = Debug|Any CPU
		{9329CDAE-71EB-42AB-B2E7-C8295206F22F}.Debug|Any CPU.Build.0 = Debug|Any CPU
		{9329CDAE-71EB-42AB-B2E7-C8295206F22F}.Release|Any CPU.ActiveCfg = Release|Any CPU
		{9329CDAE-71EB-42AB-B2E7-C8295206F22F}.Release|Any CPU.Build.0 = Release|Any CPU
	EndGlobalSection
	GlobalSection(SolutionProperties) = preSolution
		HideSolutionNode = FALSE
	EndGlobalSection
	GlobalSection(ExtensibilityGlobals) = postSolution
		SolutionGuid = {8BA17A21-289F-4B77-A933-A821F0DFF793}
	EndGlobalSection
EndGlobal
